
Microsoft Visual Studio Solution File, Format Version 12.00
# Visual Studio Version 16
VisualStudioVersion = 16.0.31205.134
MinimumVisualStudioVersion = 10.0.40219.1
Project("{FAE04EC0-301F-11D3-BF4B-00C04F79EFBC}") = "DigitalInovattionExemplo", "DigitalInovattionExemplo.csproj", "{A75BB493-BC98-4B20-8984-912C0239E532}"
EndProject
Project("{2150E333-8FDC-42A3-9474-1A3956D46DE8}") = "Solution Items", "Solution Items", "{25E5E81D-53E4-4FD4-9F07-1D046DF3E8C5}"
	ProjectSection(SolutionItems) = preProject
		Alunos.cs = Alunos.cs
	EndProjectSection
EndProject
Global
	GlobalSection(SolutionConfigurationPlatforms) = preSolution
		Debug|Any CPU = Debug|Any CPU
		Release|Any CPU = Release|Any CPU
	EndGlobalSection
	GlobalSection(ProjectConfigurationPlatforms) = postSolution
		{A75BB493-BC98-4B20-8984-912C0239E532}.Debug|Any CPU.ActiveCfg = Debug|Any CPU
		{A75BB493-BC98-4B20-8984-912C0239E532}.Debug|Any CPU.Build.0 = Debug|Any CPU
		{A75BB493-BC98-4B20-8984-912C0239E532}.Release|Any CPU.ActiveCfg = Release|Any CPU
		{A75BB493-BC98-4B20-8984-912C0239E532}.Release|Any CPU.Build.0 = Release|Any CPU
	EndGlobalSection
	GlobalSection(SolutionProperties) = preSolution
		HideSolutionNode = FALSE
	EndGlobalSection
	GlobalSection(ExtensibilityGlobals) = postSolution
		SolutionGuid = {EB26DDAD-A611-403C-A26A-0C5A8072E758}
	EndGlobalSection
EndGlobal
